{
  "name": "px-parser",
  "version": "1.0.32",
  "lockfileVersion": 1,
  "requires": true,
  "dependencies": {
    "argparse": {
      "version": "1.0.10",
      "resolved": "https://registry.npmjs.org/argparse/-/argparse-1.0.10.tgz",
      "integrity": "sha512-o5Roy6tNG4SL/FOkCAN6RzjiakZS25RLYFrcMttJqbdd8BWrnA+fGz57iN5Pb06pvBGvl5gQ0B48dJlslXvoTg==",
      "requires": {
        "sprintf-js": "~1.0.2"
      }
    },
    "colorful": {
      "version": "2.1.0",
      "resolved": "https://registry.npmjs.org/colorful/-/colorful-2.1.0.tgz",
      "integrity": "sha1-aovcvC2kKlDbO0iC+iUmOqofLY4="
    },
    "confirm-cli": {
      "version": "0.4.0",
      "resolved": "https://registry.npmjs.org/confirm-cli/-/confirm-cli-0.4.0.tgz",
      "integrity": "sha1-LMFN1mT5RXVDDkSCN2bw7w/1dvU=",
      "requires": {
        "colorful": "^2.1.0",
        "keypress": "^0.2.1",
        "multiple": "^0.2.1",
        "stringbitlength": "^1.0.1"
      }
    },
    "keypress": {
      "version": "0.2.1",
      "resolved": "https://registry.npmjs.org/keypress/-/keypress-0.2.1.tgz",
      "integrity": "sha1-HoBFQlABjbrUw/6USX1uZ7YmnHc="
    },
    "multiple": {
      "version": "0.2.1",
      "resolved": "https://registry.npmjs.org/multiple/-/multiple-0.2.1.tgz",
      "integrity": "sha1-l2UbrvusFqkBbquPHPMnYJwUyGY="
    },
    "sprintf-js": {
      "version": "1.0.3",
      "resolved": "https://registry.npmjs.org/sprintf-js/-/sprintf-js-1.0.3.tgz",
      "integrity": "sha1-BOaSb2YolTVPPdAVIDYzuFcpfiw="
    },
    "stringbitlength": {
      "version": "1.0.1",
      "resolved": "https://registry.npmjs.org/stringbitlength/-/stringbitlength-1.0.1.tgz",
      "integrity": "sha1-WRJfRTzrvtakcXWTTifJgkxLIJY="
    }
  }
}
